
Microsoft Visual Studio Solution File, Format Version 12.00
# Visual Studio Version 17
VisualStudioVersion = 17.4.33103.184
MinimumVisualStudioVersion = 10.0.40219.1
Project("{2150E333-8FDC-42A3-9474-1A3956D46DE8}") = "src", "src", "{89C7DA69-5DD1-4F1A-BEEB-473B8FB87E7C}"
EndProject
Project("{9A19103F-16F7-4668-BE54-9A1E7A4F7556}") = "BlogPost.WebApi", "BlogPost.WebApi\BlogPost.WebApi.csproj", "{3EB3E552-E58B-42A0-920C-E81E023FCD20}"
EndProject
Project("{9A19103F-16F7-4668-BE54-9A1E7A4F7556}") = "BlogPost.Infrustructure", "BlogPost.Infrustructure\BlogPost.Infrustructure.csproj", "{133A9C94-F488-4725-AAA4-E20D3A363C10}"
EndProject
Project("{9A19103F-16F7-4668-BE54-9A1E7A4F7556}") = "BlogPost.Core", "BlogPost.Core\BlogPost.Core.csproj", "{9CF85FF6-3704-43F9-B27D-DFD7650A7823}"
EndProject
Project("{2150E333-8FDC-42A3-9474-1A3956D46DE8}") = "test", "test", "{E3CAB562-C532-4207-B943-E1235A56C96C}"
EndProject
Project("{9A19103F-16F7-4668-BE54-9A1E7A4F7556}") = "BlogPost.Blazor.UI", "BlogPost.Blazor.UI\BlogPost.Blazor.UI.csproj", "{E68BFE3A-1485-412E-B02C-5AD7702CBAEF}"
EndProject
Global
	GlobalSection(SolutionConfigurationPlatforms) = preSolution
		Debug|Any CPU = Debug|Any CPU
		Release|Any CPU = Release|Any CPU
	EndGlobalSection
	GlobalSection(ProjectConfigurationPlatforms) = postSolution
		{3EB3E552-E58B-42A0-920C-E81E023FCD20}.Debug|Any CPU.ActiveCfg = Debug|Any CPU
		{3EB3E552-E58B-42A0-920C-E81E023FCD20}.Debug|Any CPU.Build.0 = Debug|Any CPU
		{3EB3E552-E58B-42A0-920C-E81E023FCD20}.Release|Any CPU.ActiveCfg = Release|Any CPU
		{3EB3E552-E58B-42A0-920C-E81E023FCD20}.Release|Any CPU.Build.0 = Release|Any CPU
		{133A9C94-F488-4725-AAA4-E20D3A363C10}.Debug|Any CPU.ActiveCfg = Debug|Any CPU
		{133A9C94-F488-4725-AAA4-E20D3A363C10}.Debug|Any CPU.Build.0 = Debug|Any CPU
		{133A9C94-F488-4725-AAA4-E20D3A363C10}.Release|Any CPU.ActiveCfg = Release|Any CPU
		{133A9C94-F488-4725-AAA4-E20D3A363C10}.Release|Any CPU.Build.0 = Release|Any CPU
		{9CF85FF6-3704-43F9-B27D-DFD7650A7823}.Debug|Any CPU.ActiveCfg = Debug|Any CPU
		{9CF85FF6-3704-43F9-B27D-DFD7650A7823}.Debug|Any CPU.Build.0 = Debug|Any CPU
		{9CF85FF6-3704-43F9-B27D-DFD7650A7823}.Release|Any CPU.ActiveCfg = Release|Any CPU
		{9CF85FF6-3704-43F9-B27D-DFD7650A7823}.Release|Any CPU.Build.0 = Release|Any CPU
		{E68BFE3A-1485-412E-B02C-5AD7702CBAEF}.Debug|Any CPU.ActiveCfg = Debug|Any CPU
		{E68BFE3A-1485-412E-B02C-5AD7702CBAEF}.Debug|Any CPU.Build.0 = Debug|Any CPU
		{E68BFE3A-1485-412E-B02C-5AD7702CBAEF}.Release|Any CPU.ActiveCfg = Release|Any CPU
		{E68BFE3A-1485-412E-B02C-5AD7702CBAEF}.Release|Any CPU.Build.0 = Release|Any CPU
	EndGlobalSection
	GlobalSection(SolutionProperties) = preSolution
		HideSolutionNode = FALSE
	EndGlobalSection
	GlobalSection(NestedProjects) = preSolution
		{3EB3E552-E58B-42A0-920C-E81E023FCD20} = {89C7DA69-5DD1-4F1A-BEEB-473B8FB87E7C}
		{133A9C94-F488-4725-AAA4-E20D3A363C10} = {89C7DA69-5DD1-4F1A-BEEB-473B8FB87E7C}
		{9CF85FF6-3704-43F9-B27D-DFD7650A7823} = {89C7DA69-5DD1-4F1A-BEEB-473B8FB87E7C}
		{E68BFE3A-1485-412E-B02C-5AD7702CBAEF} = {89C7DA69-5DD1-4F1A-BEEB-473B8FB87E7C}
	EndGlobalSection
	GlobalSection(ExtensibilityGlobals) = postSolution
		SolutionGuid = {465CC2CF-D444-4B32-8184-AC4C5F32A3E4}
	EndGlobalSection
EndGlobal
